PODS:
  - Alamofire (4.5.0)
  - SlideMenuControllerSwift (3.0.2)
  - SwiftyJSON (3.1.4)

DEPENDENCIES:
  - Alamofire
  - SlideMenuControllerSwift
  - SwiftyJSON

SPEC CHECKSUMS:
  Alamofire: f28cdffd29de33a7bfa022cbd63ae95a27fae140
  SlideMenuControllerSwift: 16001e1fd9963fd089fa6c91dbe18d4c148f0ce9
  SwiftyJSON: c2842d878f95482ffceec5709abc3d05680c0220

PODFILE CHECKSUM: f97392e73d9924e26ca8933547e401ec8be3d6b3

COCOAPODS: 1.2.0
